
Microsoft Visual Studio Solution File, Format Version 12.00
# Visual Studio Version 16
VisualStudioVersion = 16.0.31515.178
MinimumVisualStudioVersion = 10.0.40219.1
Project("{FAE04EC0-301F-11D3-BF4B-00C04F79EFBC}") = "Kibernum", "Kibernum\Kibernum.csproj", "{0C7408ED-2165-47DB-9C1E-6BBEB0187551}"
EndProject
Project("{FAE04EC0-301F-11D3-BF4B-00C04F79EFBC}") = "Kibernum.Data", "Kibernum.Data\Kibernum.Data.csproj", "{8C2922F0-D925-46CA-8B58-280F89F63895}"
EndProject
Project("{FAE04EC0-301F-11D3-BF4B-00C04F79EFBC}") = "ProyectoDTO", "ProyectoDTO\ProyectoDTO.csproj", "{02B45DAC-3339-4037-AC6D-0DABB23ADBCF}"
EndProject
Project("{FAE04EC0-301F-11D3-BF4B-00C04F79EFBC}") = "Kibernum.Business", "Kibernum.Business\Kibernum.Business.csproj", "{8DD01423-0101-4A98-BC40-E4CC00754987}"
EndProject
Global
	GlobalSection(SolutionConfigurationPlatforms) = preSolution
		Debug|Any CPU = Debug|Any CPU
		Release|Any CPU = Release|Any CPU
	EndGlobalSection
	GlobalSection(ProjectConfigurationPlatforms) = postSolution
		{0C7408ED-2165-47DB-9C1E-6BBEB0187551}.Debug|Any CPU.ActiveCfg = Debug|Any CPU
		{0C7408ED-2165-47DB-9C1E-6BBEB0187551}.Debug|Any CPU.Build.0 = Debug|Any CPU
		{0C7408ED-2165-47DB-9C1E-6BBEB0187551}.Release|Any CPU.ActiveCfg = Release|Any CPU
		{0C7408ED-2165-47DB-9C1E-6BBEB0187551}.Release|Any CPU.Build.0 = Release|Any CPU
		{8C2922F0-D925-46CA-8B58-280F89F63895}.Debug|Any CPU.ActiveCfg = Debug|Any CPU
		{8C2922F0-D925-46CA-8B58-280F89F63895}.Debug|Any CPU.Build.0 = Debug|Any CPU
		{8C2922F0-D925-46CA-8B58-280F89F63895}.Release|Any CPU.ActiveCfg = Release|Any CPU
		{8C2922F0-D925-46CA-8B58-280F89F63895}.Release|Any CPU.Build.0 = Release|Any CPU
		{02B45DAC-3339-4037-AC6D-0DABB23ADBCF}.Debug|Any CPU.ActiveCfg = Debug|Any CPU
		{02B45DAC-3339-4037-AC6D-0DABB23ADBCF}.Debug|Any CPU.Build.0 = Debug|Any CPU
		{02B45DAC-3339-4037-AC6D-0DABB23ADBCF}.Release|Any CPU.ActiveCfg = Release|Any CPU
		{02B45DAC-3339-4037-AC6D-0DABB23ADBCF}.Release|Any CPU.Build.0 = Release|Any CPU
		{8DD01423-0101-4A98-BC40-E4CC00754987}.Debug|Any CPU.ActiveCfg = Debug|Any CPU
		{8DD01423-0101-4A98-BC40-E4CC00754987}.Debug|Any CPU.Build.0 = Debug|Any CPU
		{8DD01423-0101-4A98-BC40-E4CC00754987}.Release|Any CPU.ActiveCfg = Release|Any CPU
		{8DD01423-0101-4A98-BC40-E4CC00754987}.Release|Any CPU.Build.0 = Release|Any CPU
	EndGlobalSection
	GlobalSection(SolutionProperties) = preSolution
		HideSolutionNode = FALSE
	EndGlobalSection
	GlobalSection(ExtensibilityGlobals) = postSolution
		SolutionGuid = {02F94296-BB3E-4771-8937-74A92EAD831C}
	EndGlobalSection
EndGlobal
